{
  "name": "flutter_template",
  "lockfileVersion": 3,
  "requires": true,
  "packages": {
    "": {
      "dependencies": {
        "@evilmartians/lefthook": "^1.6.10"
      }
    },
    "node_modules/@evilmartians/lefthook": {
      "version": "1.6.10",
      "resolved": "https://registry.npmjs.org/@evilmartians/lefthook/-/lefthook-1.6.10.tgz",
      "integrity": "sha512-4qhV1QAuROrxUAifXzhNZAcHOiPPLJnBl+XwSHRB/PdkoFbEa5bh4d5drO5pLjknKy7XXAXOTK/49Ew3ipuo7w==",
      "cpu": [
        "x64",
        "arm64",
        "ia32"
      ],
      "hasInstallScript": true,
      "os": [
        "darwin",
        "linux",
        "win32"
      ],
      "bin": {
        "lefthook": "bin/index.js"
      }
    }
  }
}
